{
  "name": "api.s01.gruponacar",
  "lockfileVersion": 2,
  "requires": true,
  "packages": {
    "": {
      "dependencies": {
        "node": "^12.22.7"
      }
    },
    "node_modules/node": {
      "version": "12.22.10",
      "resolved": "https://registry.npmjs.org/node/-/node-12.22.10.tgz",
      "integrity": "sha512-AGoksMiarOVe6ylhirJaMWqBbdAPou50ulfAT8/1EsGjOzi3R/ewpkabguqAAWmTSlr07gs0RTrh3o077GHcoA==",
      "hasInstallScript": true,
      "dependencies": {
        "node-bin-setup": "^1.0.0"
      },
      "bin": {
        "node": "bin/node"
      },
      "engines": {
        "npm": ">=5.0.0"
      }
    },
    "node_modules/node-bin-setup": {
      "version": "1.1.0",
      "resolved": "https://registry.npmjs.org/node-bin-setup/-/node-bin-setup-1.1.0.tgz",
      "integrity": "sha512-pTeU6NgUrexiLNtd+AKwvg6cngHMvj5FZ5e2bbv2ogBSIc9yhkXSSaTScfSRZnwHIh5YFmYSYlemLWkiKD7rog=="
    }
  },
  "dependencies": {
    "node": {
      "version": "12.22.10",
      "resolved": "https://registry.npmjs.org/node/-/node-12.22.10.tgz",
      "integrity": "sha512-AGoksMiarOVe6ylhirJaMWqBbdAPou50ulfAT8/1EsGjOzi3R/ewpkabguqAAWmTSlr07gs0RTrh3o077GHcoA==",
      "requires": {
        "node-bin-setup": "^1.0.0"
      }
    },
    "node-bin-setup": {
      "version": "1.1.0",
      "resolved": "https://registry.npmjs.org/node-bin-setup/-/node-bin-setup-1.1.0.tgz",
      "integrity": "sha512-pTeU6NgUrexiLNtd+AKwvg6cngHMvj5FZ5e2bbv2ogBSIc9yhkXSSaTScfSRZnwHIh5YFmYSYlemLWkiKD7rog=="
    }
  }
}
